// !$*UTF8*$!
{
	archiveVersion = 1;
	classes = {
	};
	objectVersion = 56;
	objects = {

/* Begin PBXBuildFile section */
		192F48B62C061B8B0007BB7A /* WelcomeView.swift in Sources */ = {isa = PBXBuildFile; fileRef = 192F48B42C061B8B0007BB7A /* WelcomeView.swift */; };
		192F48B72C061B8B0007BB7A /* WelcomeView.swift in Sources */ = {isa = PBXBuildFile; fileRef = 192F48B42C061B8B0007BB7A /* WelcomeView.swift */; };
		192F48BA2C061BE60007BB7A /* SignUp.swift in Sources */ = {isa = PBXBuildFile; fileRef = 192F48B82C061BE60007BB7A /* SignUp.swift */; };
		192F48BB2C061BE60007BB7A /* SignUp.swift in Sources */ = {isa = PBXBuildFile; fileRef = 192F48B82C061BE60007BB7A /* SignUp.swift */; };
		197F9F592C0626D300D5D799 /* Color+DayStory.swift in Sources */ = {isa = PBXBuildFile; fileRef = 197F9F572C06206E00D5D799 /* Color+DayStory.swift */; };
		197F9F5A2C0626D300D5D799 /* Color+DayStory.swift in Sources */ = {isa = PBXBuildFile; fileRef = 197F9F572C06206E00D5D799 /* Color+DayStory.swift */; };
		197F9F5B2C06276800D5D799 /* Assets.xcassets in Resources */ = {isa = PBXBuildFile; fileRef = DCB7D2992BF747830017CEBC /* Assets.xcassets */; };
		197F9F5C2C06276800D5D799 /* Assets.xcassets in Resources */ = {isa = PBXBuildFile; fileRef = DCB7D2992BF747830017CEBC /* Assets.xcassets */; };
		DC5524E02C072A5000118CC3 /* WelcomeView.swift in Sources */ = {isa = PBXBuildFile; fileRef = DC5524DF2C072A5000118CC3 /* WelcomeView.swift */; };
		DC5524E22C072A6000118CC3 /* SignupPersonalView.swift in Sources */ = {isa = PBXBuildFile; fileRef = DC5524E12C072A6000118CC3 /* SignupPersonalView.swift */; };
		DC7F3AA62BFFC61A0020291C /* GradientButton.swift in Sources */ = {isa = PBXBuildFile; fileRef = DC7F3AA52BFFC61A0020291C /* GradientButton.swift */; };
		DC7F3AAB2BFFDD760020291C /* DayStoryTextField.swift in Sources */ = {isa = PBXBuildFile; fileRef = DC7F3AAA2BFFDD760020291C /* DayStoryTextField.swift */; };
		DC7F3AAD2BFFE7140020291C /* Colors.xcassets in Resources */ = {isa = PBXBuildFile; fileRef = DC7F3AAC2BFFE7140020291C /* Colors.xcassets */; };
		DC7F3AB12BFFF32C0020291C /* SignupSectionView.swift in Sources */ = {isa = PBXBuildFile; fileRef = DC7F3AB02BFFF32C0020291C /* SignupSectionView.swift */; };
		DC99B1932C00CFC300CDD857 /* DayStoryToolbar.swift in Sources */ = {isa = PBXBuildFile; fileRef = DC99B1922C00CFC300CDD857 /* DayStoryToolbar.swift */; };
		DC99B1952C00DC7400CDD857 /* AuthenticationHelperText.swift in Sources */ = {isa = PBXBuildFile; fileRef = DC99B1942C00DC7400CDD857 /* AuthenticationHelperText.swift */; };
		DC99B1972C00DDBA00CDD857 /* LoginPrompt.swift in Sources */ = {isa = PBXBuildFile; fileRef = DC99B1962C00DDBA00CDD857 /* LoginPrompt.swift */; };
		DCA93AAF2C08A74C00B63429 /* SignupPersonalViewModel.swift in Sources */ = {isa = PBXBuildFile; fileRef = DCA93AAE2C08A74C00B63429 /* SignupPersonalViewModel.swift */; };
		DCA93AB12C08D83700B63429 /* SignupAccountViewModel.swift in Sources */ = {isa = PBXBuildFile; fileRef = DCA93AB02C08D83700B63429 /* SignupAccountViewModel.swift */; };
		DCA93AB42C08DFE000B63429 /* String+Extensions.swift in Sources */ = {isa = PBXBuildFile; fileRef = DCA93AB32C08DFE000B63429 /* String+Extensions.swift */; };
		DCB4A4832BFB347C00EEE970 /* GetMoviesResponse.swift in Sources */ = {isa = PBXBuildFile; fileRef = DCB4A4822BFB347C00EEE970 /* GetMoviesResponse.swift */; };
		DCB7D2962BF747820017CEBC /* DayStoryApp.swift in Sources */ = {isa = PBXBuildFile; fileRef = DCB7D2952BF747820017CEBC /* DayStoryApp.swift */; };
		DCB7D2982BF747820017CEBC /* SignupAccountView.swift in Sources */ = {isa = PBXBuildFile; fileRef = DCB7D2972BF747820017CEBC /* SignupAccountView.swift */; };
		DCB7D29A2BF747830017CEBC /* Assets.xcassets in Resources */ = {isa = PBXBuildFile; fileRef = DCB7D2992BF747830017CEBC /* Assets.xcassets */; };
		DCB7D29D2BF747830017CEBC /* Preview Assets.xcassets in Resources */ = {isa = PBXBuildFile; fileRef = DCB7D29C2BF747830017CEBC /* Preview Assets.xcassets */; };
		DCB7D2A72BF747830017CEBC /* DayStoryTests.swift in Sources */ = {isa = PBXBuildFile; fileRef = DCB7D2A62BF747830017CEBC /* DayStoryTests.swift */; };
		DCB7D2B12BF747840017CEBC /* DayStoryUITests.swift in Sources */ = {isa = PBXBuildFile; fileRef = DCB7D2B02BF747840017CEBC /* DayStoryUITests.swift */; };
		DCB7D2B32BF747840017CEBC /* DayStoryUITestsLaunchTests.swift in Sources */ = {isa = PBXBuildFile; fileRef = DCB7D2B22BF747840017CEBC /* DayStoryUITestsLaunchTests.swift */; };
		DCB7D2C52BF74F620017CEBC /* RequestMethod.swift in Sources */ = {isa = PBXBuildFile; fileRef = DCB7D2C42BF74F620017CEBC /* RequestMethod.swift */; };
		DCB7D2C72BF754A60017CEBC /* Response.swift in Sources */ = {isa = PBXBuildFile; fileRef = DCB7D2C62BF754A60017CEBC /* Response.swift */; };
		DCB7D2CA2BF755520017CEBC /* Bundle+Extensions.swift in Sources */ = {isa = PBXBuildFile; fileRef = DCB7D2C92BF755520017CEBC /* Bundle+Extensions.swift */; };
		DCB7D2CC2BF756880017CEBC /* NSError.swift in Sources */ = {isa = PBXBuildFile; fileRef = DCB7D2CB2BF756880017CEBC /* NSError.swift */; };
		DCB7D2CE2BF757220017CEBC /* URL+Extension.swift in Sources */ = {isa = PBXBuildFile; fileRef = DCB7D2CD2BF757220017CEBC /* URL+Extension.swift */; };
		DCB7D2D02BF75ABF0017CEBC /* API.swift in Sources */ = {isa = PBXBuildFile; fileRef = DCB7D2CF2BF75ABF0017CEBC /* API.swift */; };
		DCB7D2D22BF75C2A0017CEBC /* ContentType.swift in Sources */ = {isa = PBXBuildFile; fileRef = DCB7D2D12BF75C2A0017CEBC /* ContentType.swift */; };
		DCB7D2D42BF75DD00017CEBC /* Networkable.swift in Sources */ = {isa = PBXBuildFile; fileRef = DCB7D2D32BF75DD00017CEBC /* Networkable.swift */; };
		DCB7D2D72BF7770D0017CEBC /* Movie.swift in Sources */ = {isa = PBXBuildFile; fileRef = DCB7D2D62BF7770D0017CEBC /* Movie.swift */; };
		DCB7D2D92BF7792F0017CEBC /* Networkable+Extensions.swift in Sources */ = {isa = PBXBuildFile; fileRef = DCB7D2D82BF7792F0017CEBC /* Networkable+Extensions.swift */; };
		DCE3BFD52C0A5DAD00EC44EE /* LoginViewModel.swift in Sources */ = {isa = PBXBuildFile; fileRef = DCE3BFD42C0A5DAD00EC44EE /* LoginViewModel.swift */; };
		DCE3BFDB2C0A6E7D00EC44EE /* GalleryView.swift in Sources */ = {isa = PBXBuildFile; fileRef = DCE3BFDA2C0A6E7D00EC44EE /* GalleryView.swift */; };
		DCE3BFDD2C0A6EC800EC44EE /* DayStoryTabView.swift in Sources */ = {isa = PBXBuildFile; fileRef = DCE3BFDC2C0A6EC800EC44EE /* DayStoryTabView.swift */; };
		DCE3BFE02C0A6F0100EC44EE /* TodayView.swift in Sources */ = {isa = PBXBuildFile; fileRef = DCE3BFDF2C0A6F0100EC44EE /* TodayView.swift */; };
		DCE3BFE32C0A6F1F00EC44EE /* ProfileView.swift in Sources */ = {isa = PBXBuildFile; fileRef = DCE3BFE22C0A6F1F00EC44EE /* ProfileView.swift */; };
		DCE3BFE52C0A813300EC44EE /* GalleryCardView.swift in Sources */ = {isa = PBXBuildFile; fileRef = DCE3BFE42C0A813300EC44EE /* GalleryCardView.swift */; };
		DCFD54F12BFFBB620096D24A /* LoginView.swift in Sources */ = {isa = PBXBuildFile; fileRef = DCFD54F02BFFBB620096D24A /* LoginView.swift */; };
/* End PBXBuildFile section */

/* Begin PBXContainerItemProxy section */
		DCB7D2A32BF747830017CEBC /* PBXContainerItemProxy */ = {
			isa = PBXContainerItemProxy;
			containerPortal = DCB7D28A2BF747820017CEBC /* Project object */;
			proxyType = 1;
			remoteGlobalIDString = DCB7D2912BF747820017CEBC;
			remoteInfo = DayStory;
		};
		DCB7D2AD2BF747830017CEBC /* PBXContainerItemProxy */ = {
			isa = PBXContainerItemProxy;
			containerPortal = DCB7D28A2BF747820017CEBC /* Project object */;
			proxyType = 1;
			remoteGlobalIDString = DCB7D2912BF747820017CEBC;
			remoteInfo = DayStory;
		};
/* End PBXContainerItemProxy section */

/* Begin PBXFileReference section */
		192F48B42C061B8B0007BB7A /* WelcomeView.swift */ = {isa = PBXFileReference; lastKnownFileType = sourcecode.swift; path = WelcomeView.swift; sourceTree = "<group>"; };
		192F48B82C061BE60007BB7A /* SignUp.swift */ = {isa = PBXFileReference; lastKnownFileType = sourcecode.swift; path = SignUp.swift; sourceTree = "<group>"; };
		197F9F572C06206E00D5D799 /* Color+DayStory.swift */ = {isa = PBXFileReference; lastKnownFileType = sourcecode.swift; path = "Color+DayStory.swift"; sourceTree = "<group>"; };
		DC5524DF2C072A5000118CC3 /* WelcomeView.swift */ = {isa = PBXFileReference; lastKnownFileType = sourcecode.swift; path = WelcomeView.swift; sourceTree = "<group>"; };
		DC5524E12C072A6000118CC3 /* SignupPersonalView.swift */ = {isa = PBXFileReference; lastKnownFileType = sourcecode.swift; path = SignupPersonalView.swift; sourceTree = "<group>"; };
		DC7F3AA52BFFC61A0020291C /* GradientButton.swift */ = {isa = PBXFileReference; lastKnownFileType = sourcecode.swift; path = GradientButton.swift; sourceTree = "<group>"; };
		DC7F3AAA2BFFDD760020291C /* DayStoryTextField.swift */ = {isa = PBXFileReference; lastKnownFileType = sourcecode.swift; path = DayStoryTextField.swift; sourceTree = "<group>"; };
		DC7F3AAC2BFFE7140020291C /* Colors.xcassets */ = {isa = PBXFileReference; lastKnownFileType = folder.assetcatalog; path = Colors.xcassets; sourceTree = "<group>"; };
		DC7F3AB02BFFF32C0020291C /* SignupSectionView.swift */ = {isa = PBXFileReference; lastKnownFileType = sourcecode.swift; path = SignupSectionView.swift; sourceTree = "<group>"; };
		DC99B1922C00CFC300CDD857 /* DayStoryToolbar.swift */ = {isa = PBXFileReference; lastKnownFileType = sourcecode.swift; path = DayStoryToolbar.swift; sourceTree = "<group>"; };
		DC99B1942C00DC7400CDD857 /* AuthenticationHelperText.swift */ = {isa = PBXFileReference; lastKnownFileType = sourcecode.swift; path = AuthenticationHelperText.swift; sourceTree = "<group>"; };
		DC99B1962C00DDBA00CDD857 /* LoginPrompt.swift */ = {isa = PBXFileReference; lastKnownFileType = sourcecode.swift; path = LoginPrompt.swift; sourceTree = "<group>"; };
		DCA93AAE2C08A74C00B63429 /* SignupPersonalViewModel.swift */ = {isa = PBXFileReference; lastKnownFileType = sourcecode.swift; path = SignupPersonalViewModel.swift; sourceTree = "<group>"; };
		DCA93AB02C08D83700B63429 /* SignupAccountViewModel.swift */ = {isa = PBXFileReference; lastKnownFileType = sourcecode.swift; path = SignupAccountViewModel.swift; sourceTree = "<group>"; };
		DCA93AB32C08DFE000B63429 /* String+Extensions.swift */ = {isa = PBXFileReference; lastKnownFileType = sourcecode.swift; path = "String+Extensions.swift"; sourceTree = "<group>"; };
		DCB4A4822BFB347C00EEE970 /* GetMoviesResponse.swift */ = {isa = PBXFileReference; lastKnownFileType = sourcecode.swift; path = GetMoviesResponse.swift; sourceTree = "<group>"; };
		DCB7D2922BF747820017CEBC /* DayStory.app */ = {isa = PBXFileReference; explicitFileType = wrapper.application; includeInIndex = 0; path = DayStory.app; sourceTree = BUILT_PRODUCTS_DIR; };
		DCB7D2952BF747820017CEBC /* DayStoryApp.swift */ = {isa = PBXFileReference; lastKnownFileType = sourcecode.swift; path = DayStoryApp.swift; sourceTree = "<group>"; };
		DCB7D2972BF747820017CEBC /* SignupAccountView.swift */ = {isa = PBXFileReference; lastKnownFileType = sourcecode.swift; path = SignupAccountView.swift; sourceTree = "<group>"; };
		DCB7D2992BF747830017CEBC /* Assets.xcassets */ = {isa = PBXFileReference; lastKnownFileType = folder.assetcatalog; path = Assets.xcassets; sourceTree = "<group>"; };
		DCB7D29C2BF747830017CEBC /* Preview Assets.xcassets */ = {isa = PBXFileReference; lastKnownFileType = folder.assetcatalog; path = "Preview Assets.xcassets"; sourceTree = "<group>"; };
		DCB7D2A22BF747830017CEBC /* DayStoryTests.xctest */ = {isa = PBXFileReference; explicitFileType = wrapper.cfbundle; includeInIndex = 0; path = DayStoryTests.xctest; sourceTree = BUILT_PRODUCTS_DIR; };
		DCB7D2A62BF747830017CEBC /* DayStoryTests.swift */ = {isa = PBXFileReference; lastKnownFileType = sourcecode.swift; path = DayStoryTests.swift; sourceTree = "<group>"; };
		DCB7D2AC2BF747830017CEBC /* DayStoryUITests.xctest */ = {isa = PBXFileReference; explicitFileType = wrapper.cfbundle; includeInIndex = 0; path = DayStoryUITests.xctest; sourceTree = BUILT_PRODUCTS_DIR; };
		DCB7D2B02BF747840017CEBC /* DayStoryUITests.swift */ = {isa = PBXFileReference; lastKnownFileType = sourcecode.swift; path = DayStoryUITests.swift; sourceTree = "<group>"; };
		DCB7D2B22BF747840017CEBC /* DayStoryUITestsLaunchTests.swift */ = {isa = PBXFileReference; lastKnownFileType = sourcecode.swift; path = DayStoryUITestsLaunchTests.swift; sourceTree = "<group>"; };
		DCB7D2BF2BF74BB10017CEBC /* Production.xcconfig */ = {isa = PBXFileReference; lastKnownFileType = text.xcconfig; path = Production.xcconfig; sourceTree = "<group>"; };
		DCB7D2C02BF74BBB0017CEBC /* Development.xcconfig */ = {isa = PBXFileReference; lastKnownFileType = text.xcconfig; path = Development.xcconfig; sourceTree = "<group>"; };
		DCB7D2C12BF74DBD0017CEBC /* Info.plist */ = {isa = PBXFileReference; lastKnownFileType = text.plist; path = Info.plist; sourceTree = "<group>"; };
		DCB7D2C42BF74F620017CEBC /* RequestMethod.swift */ = {isa = PBXFileReference; lastKnownFileType = sourcecode.swift; path = RequestMethod.swift; sourceTree = "<group>"; };
		DCB7D2C62BF754A60017CEBC /* Response.swift */ = {isa = PBXFileReference; lastKnownFileType = sourcecode.swift; path = Response.swift; sourceTree = "<group>"; };
		DCB7D2C92BF755520017CEBC /* Bundle+Extensions.swift */ = {isa = PBXFileReference; lastKnownFileType = sourcecode.swift; path = "Bundle+Extensions.swift"; sourceTree = "<group>"; };
		DCB7D2CB2BF756880017CEBC /* NSError.swift */ = {isa = PBXFileReference; lastKnownFileType = sourcecode.swift; path = NSError.swift; sourceTree = "<group>"; };
		DCB7D2CD2BF757220017CEBC /* URL+Extension.swift */ = {isa = PBXFileReference; lastKnownFileType = sourcecode.swift; path = "URL+Extension.swift"; sourceTree = "<group>"; };
		DCB7D2CF2BF75ABF0017CEBC /* API.swift */ = {isa = PBXFileReference; lastKnownFileType = sourcecode.swift; path = API.swift; sourceTree = "<group>"; };
		DCB7D2D12BF75C2A0017CEBC /* ContentType.swift */ = {isa = PBXFileReference; lastKnownFileType = sourcecode.swift; path = ContentType.swift; sourceTree = "<group>"; };
		DCB7D2D32BF75DD00017CEBC /* Networkable.swift */ = {isa = PBXFileReference; lastKnownFileType = sourcecode.swift; path = Networkable.swift; sourceTree = "<group>"; };
		DCB7D2D62BF7770D0017CEBC /* Movie.swift */ = {isa = PBXFileReference; lastKnownFileType = sourcecode.swift; path = Movie.swift; sourceTree = "<group>"; };
		DCB7D2D82BF7792F0017CEBC /* Networkable+Extensions.swift */ = {isa = PBXFileReference; lastKnownFileType = sourcecode.swift; path = "Networkable+Extensions.swift"; sourceTree = "<group>"; };
		DCE3BFD42C0A5DAD00EC44EE /* LoginViewModel.swift */ = {isa = PBXFileReference; lastKnownFileType = sourcecode.swift; path = LoginViewModel.swift; sourceTree = "<group>"; };
		DCE3BFDA2C0A6E7D00EC44EE /* GalleryView.swift */ = {isa = PBXFileReference; lastKnownFileType = sourcecode.swift; path = GalleryView.swift; sourceTree = "<group>"; };
		DCE3BFDC2C0A6EC800EC44EE /* DayStoryTabView.swift */ = {isa = PBXFileReference; lastKnownFileType = sourcecode.swift; path = DayStoryTabView.swift; sourceTree = "<group>"; };
		DCE3BFDF2C0A6F0100EC44EE /* TodayView.swift */ = {isa = PBXFileReference; lastKnownFileType = sourcecode.swift; path = TodayView.swift; sourceTree = "<group>"; };
		DCE3BFE22C0A6F1F00EC44EE /* ProfileView.swift */ = {isa = PBXFileReference; lastKnownFileType = sourcecode.swift; path = ProfileView.swift; sourceTree = "<group>"; };
		DCE3BFE42C0A813300EC44EE /* GalleryCardView.swift */ = {isa = PBXFileReference; lastKnownFileType = sourcecode.swift; path = GalleryCardView.swift; sourceTree = "<group>"; };
		DCFD54F02BFFBB620096D24A /* LoginView.swift */ = {isa = PBXFileReference; lastKnownFileType = sourcecode.swift; path = LoginView.swift; sourceTree = "<group>"; };
/* End PBXFileReference section */

/* Begin PBXFrameworksBuildPhase section */
		DCB7D28F2BF747820017CEBC /* Frameworks */ = {
			isa = PBXFrameworksBuildPhase;
			buildActionMask = 2147483647;
			files = (
			);
			runOnlyForDeploymentPostprocessing = 0;
		};
		DCB7D29F2BF747830017CEBC /* Frameworks */ = {
			isa = PBXFrameworksBuildPhase;
			buildActionMask = 2147483647;
			files = (
			);
			runOnlyForDeploymentPostprocessing = 0;
		};
		DCB7D2A92BF747830017CEBC /* Frameworks */ = {
			isa = PBXFrameworksBuildPhase;
			buildActionMask = 2147483647;
			files = (
			);
			runOnlyForDeploymentPostprocessing = 0;
		};
/* End PBXFrameworksBuildPhase section */

/* Begin PBXGroup section */
		DC5524DD2C072A1900118CC3 /* Recovered References */ = {
			isa = PBXGroup;
			children = (
				192F48B82C061BE60007BB7A /* SignUp.swift */,
				197F9F572C06206E00D5D799 /* Color+DayStory.swift */,
				192F48B42C061B8B0007BB7A /* WelcomeView.swift */,
			);
			name = "Recovered References";
			sourceTree = "<group>";
		};
		DC7F3AA32BFFC5F80020291C /* Views */ = {
			isa = PBXGroup;
			children = (
				DC99B1912C00CFAF00CDD857 /* Toolbar */,
				DC99B1822C00951800CDD857 /* Helpers */,
				DC99B1812C00950300CDD857 /* TextFields */,
				DC99B1802C0094FB00CDD857 /* Buttons */,
			);
			path = Views;
			sourceTree = "<group>";
		};
		DC99B1802C0094FB00CDD857 /* Buttons */ = {
			isa = PBXGroup;
			children = (
				DC7F3AA52BFFC61A0020291C /* GradientButton.swift */,
			);
			path = Buttons;
			sourceTree = "<group>";
		};
		DC99B1812C00950300CDD857 /* TextFields */ = {
			isa = PBXGroup;
			children = (
				DC7F3AAA2BFFDD760020291C /* DayStoryTextField.swift */,
			);
			path = TextFields;
			sourceTree = "<group>";
		};
		DC99B1822C00951800CDD857 /* Helpers */ = {
			isa = PBXGroup;
			children = (
				DC7F3AB02BFFF32C0020291C /* SignupSectionView.swift */,
				DC99B1942C00DC7400CDD857 /* AuthenticationHelperText.swift */,
				DC99B1962C00DDBA00CDD857 /* LoginPrompt.swift */,
				DCE3BFE42C0A813300EC44EE /* GalleryCardView.swift */,
			);
			path = Helpers;
			sourceTree = "<group>";
		};
		DC99B1832C00955400CDD857 /* Screens */ = {
			isa = PBXGroup;
			children = (
				DCE3BFE12C0A6F1500EC44EE /* ProfileView */,
				DCE3BFDE2C0A6EF300EC44EE /* TodayView */,
				DCE3BFD62C0A6E5D00EC44EE /* GalleryView */,
				DCDD03582C073F3900B1339A /* WelcomeView */,
				DCDD03572C073F2800B1339A /* SignupPersonalView */,
				DC99B1882C00959500CDD857 /* SignupAccountView */,
				DC99B1842C00957100CDD857 /* LoginView */,
				DCE3BFDC2C0A6EC800EC44EE /* DayStoryTabView.swift */,
			);
			path = Screens;
			sourceTree = "<group>";
		};
		DC99B1842C00957100CDD857 /* LoginView */ = {
			isa = PBXGroup;
			children = (
				DC99B1852C00957900CDD857 /* Model */,
				DC99B1862C00957D00CDD857 /* View */,
				DC99B1872C00958200CDD857 /* ViewModel */,
			);
			path = LoginView;
			sourceTree = "<group>";
		};
		DC99B1852C00957900CDD857 /* Model */ = {
			isa = PBXGroup;
			children = (
			);
			path = Model;
			sourceTree = "<group>";
		};
		DC99B1862C00957D00CDD857 /* View */ = {
			isa = PBXGroup;
			children = (
				DCFD54F02BFFBB620096D24A /* LoginView.swift */,
			);
			path = View;
			sourceTree = "<group>";
		};
		DC99B1872C00958200CDD857 /* ViewModel */ = {
			isa = PBXGroup;
			children = (
				DCE3BFD42C0A5DAD00EC44EE /* LoginViewModel.swift */,
			);
			path = ViewModel;
			sourceTree = "<group>";
		};
		DC99B1882C00959500CDD857 /* SignupAccountView */ = {
			isa = PBXGroup;
			children = (
				DC99B18B2C0095AE00CDD857 /* Model */,
				DC99B18A2C0095AA00CDD857 /* View */,
				DC99B1892C0095A400CDD857 /* ViewModel */,
			);
			path = SignupAccountView;
			sourceTree = "<group>";
		};
		DC99B1892C0095A400CDD857 /* ViewModel */ = {
			isa = PBXGroup;
			children = (
				DCA93AB02C08D83700B63429 /* SignupAccountViewModel.swift */,
			);
			path = ViewModel;
			sourceTree = "<group>";
		};
		DC99B18A2C0095AA00CDD857 /* View */ = {
			isa = PBXGroup;
			children = (
				DCB7D2972BF747820017CEBC /* SignupAccountView.swift */,
			);
			path = View;
			sourceTree = "<group>";
		};
		DC99B18B2C0095AE00CDD857 /* Model */ = {
			isa = PBXGroup;
			children = (
			);
			path = Model;
			sourceTree = "<group>";
		};
		DC99B1912C00CFAF00CDD857 /* Toolbar */ = {
			isa = PBXGroup;
			children = (
				DC99B1922C00CFC300CDD857 /* DayStoryToolbar.swift */,
			);
			path = Toolbar;
			sourceTree = "<group>";
		};
		DCA93AAB2C08A72300B63429 /* ViewModel */ = {
			isa = PBXGroup;
			children = (
				DCA93AAE2C08A74C00B63429 /* SignupPersonalViewModel.swift */,
			);
			path = ViewModel;
			sourceTree = "<group>";
		};
		DCA93AAC2C08A72E00B63429 /* View */ = {
			isa = PBXGroup;
			children = (
				DC5524E12C072A6000118CC3 /* SignupPersonalView.swift */,
			);
			path = View;
			sourceTree = "<group>";
		};
		DCA93AAD2C08A73300B63429 /* Model */ = {
			isa = PBXGroup;
			children = (
			);
			path = Model;
			sourceTree = "<group>";
		};
		DCA93AB22C08DFD400B63429 /* Extensions */ = {
			isa = PBXGroup;
			children = (
				DCA93AB32C08DFE000B63429 /* String+Extensions.swift */,
			);
			path = Extensions;
			sourceTree = "<group>";
		};
		DCB4A4812BFB343F00EEE970 /* Response */ = {
			isa = PBXGroup;
			children = (
				DCB4A4822BFB347C00EEE970 /* GetMoviesResponse.swift */,
			);
			path = Response;
			sourceTree = "<group>";
		};
		DCB7D2892BF747820017CEBC = {
			isa = PBXGroup;
			children = (
				DCB7D2BF2BF74BB10017CEBC /* Production.xcconfig */,
				DCB7D2C02BF74BBB0017CEBC /* Development.xcconfig */,
				DCB7D2C22BF74F330017CEBC /* Networking */,
				DCB7D2942BF747820017CEBC /* DayStory */,
				DCB7D2A52BF747830017CEBC /* DayStoryTests */,
				DCB7D2AF2BF747840017CEBC /* DayStoryUITests */,
				DCB7D2932BF747820017CEBC /* Products */,
				DC5524DD2C072A1900118CC3 /* Recovered References */,
			);
			sourceTree = "<group>";
		};
		DCB7D2932BF747820017CEBC /* Products */ = {
			isa = PBXGroup;
			children = (
				DCB7D2922BF747820017CEBC /* DayStory.app */,
				DCB7D2A22BF747830017CEBC /* DayStoryTests.xctest */,
				DCB7D2AC2BF747830017CEBC /* DayStoryUITests.xctest */,
			);
			name = Products;
			sourceTree = "<group>";
		};
		DCB7D2942BF747820017CEBC /* DayStory */ = {
			isa = PBXGroup;
			children = (
				DCA93AB22C08DFD400B63429 /* Extensions */,
				DC99B1832C00955400CDD857 /* Screens */,
				DC7F3AA32BFFC5F80020291C /* Views */,
				DCB7D2C12BF74DBD0017CEBC /* Info.plist */,
				DCB7D2952BF747820017CEBC /* DayStoryApp.swift */,
				DCB7D2992BF747830017CEBC /* Assets.xcassets */,
				DC7F3AAC2BFFE7140020291C /* Colors.xcassets */,
				DCB7D29B2BF747830017CEBC /* Preview Content */,
			);
			path = DayStory;
			sourceTree = "<group>";
		};
		DCB7D29B2BF747830017CEBC /* Preview Content */ = {
			isa = PBXGroup;
			children = (
				DCB7D29C2BF747830017CEBC /* Preview Assets.xcassets */,
			);
			path = "Preview Content";
			sourceTree = "<group>";
		};
		DCB7D2A52BF747830017CEBC /* DayStoryTests */ = {
			isa = PBXGroup;
			children = (
				DCB7D2A62BF747830017CEBC /* DayStoryTests.swift */,
			);
			path = DayStoryTests;
			sourceTree = "<group>";
		};
		DCB7D2AF2BF747840017CEBC /* DayStoryUITests */ = {
			isa = PBXGroup;
			children = (
				DCB7D2B02BF747840017CEBC /* DayStoryUITests.swift */,
				DCB7D2B22BF747840017CEBC /* DayStoryUITestsLaunchTests.swift */,
			);
			path = DayStoryUITests;
			sourceTree = "<group>";
		};
		DCB7D2C22BF74F330017CEBC /* Networking */ = {
			isa = PBXGroup;
			children = (
				DCB7D2DA2BF7813C0017CEBC /* Networkable */,
				DCB7D2C82BF7551F0017CEBC /* Extensions */,
				DCB7D2C32BF74F580017CEBC /* Base */,
				DCB7D2D52BF776EB0017CEBC /* Request */,
				DCB4A4812BFB343F00EEE970 /* Response */,
				DCB7D2CF2BF75ABF0017CEBC /* API.swift */,
			);
			path = Networking;
			sourceTree = "<group>";
		};
		DCB7D2C32BF74F580017CEBC /* Base */ = {
			isa = PBXGroup;
			children = (
				DCB7D2C42BF74F620017CEBC /* RequestMethod.swift */,
				DCB7D2D12BF75C2A0017CEBC /* ContentType.swift */,
				DCB7D2C62BF754A60017CEBC /* Response.swift */,
			);
			path = Base;
			sourceTree = "<group>";
		};
		DCB7D2C82BF7551F0017CEBC /* Extensions */ = {
			isa = PBXGroup;
			children = (
				DCB7D2C92BF755520017CEBC /* Bundle+Extensions.swift */,
				DCB7D2CB2BF756880017CEBC /* NSError.swift */,
				DCB7D2CD2BF757220017CEBC /* URL+Extension.swift */,
			);
			path = Extensions;
			sourceTree = "<group>";
		};
		DCB7D2D52BF776EB0017CEBC /* Request */ = {
			isa = PBXGroup;
			children = (
				DCB7D2D62BF7770D0017CEBC /* Movie.swift */,
			);
			path = Request;
			sourceTree = "<group>";
		};
		DCB7D2DA2BF7813C0017CEBC /* Networkable */ = {
			isa = PBXGroup;
			children = (
				DCB7D2D32BF75DD00017CEBC /* Networkable.swift */,
				DCB7D2D82BF7792F0017CEBC /* Networkable+Extensions.swift */,
			);
			path = Networkable;
			sourceTree = "<group>";
		};
		DCDD03572C073F2800B1339A /* SignupPersonalView */ = {
			isa = PBXGroup;
			children = (
				DCA93AAD2C08A73300B63429 /* Model */,
				DCA93AAC2C08A72E00B63429 /* View */,
				DCA93AAB2C08A72300B63429 /* ViewModel */,
			);
			path = SignupPersonalView;
			sourceTree = "<group>";
		};
		DCDD03582C073F3900B1339A /* WelcomeView */ = {
			isa = PBXGroup;
			children = (
				DC5524DF2C072A5000118CC3 /* WelcomeView.swift */,
			);
			path = WelcomeView;
			sourceTree = "<group>";
		};
		DCE3BFD62C0A6E5D00EC44EE /* GalleryView */ = {
			isa = PBXGroup;
			children = (
				DCE3BFD92C0A6E7100EC44EE /* Model */,
				DCE3BFD82C0A6E6D00EC44EE /* View */,
				DCE3BFD72C0A6E6500EC44EE /* ViewModel */,
			);
			path = GalleryView;
			sourceTree = "<group>";
		};
		DCE3BFD72C0A6E6500EC44EE /* ViewModel */ = {
			isa = PBXGroup;
			children = (
			);
			path = ViewModel;
			sourceTree = "<group>";
		};
		DCE3BFD82C0A6E6D00EC44EE /* View */ = {
			isa = PBXGroup;
			children = (
				DCE3BFDA2C0A6E7D00EC44EE /* GalleryView.swift */,
			);
			path = View;
			sourceTree = "<group>";
		};
		DCE3BFD92C0A6E7100EC44EE /* Model */ = {
			isa = PBXGroup;
			children = (
			);
			path = Model;
			sourceTree = "<group>";
		};
		DCE3BFDE2C0A6EF300EC44EE /* TodayView */ = {
			isa = PBXGroup;
			children = (
				DCE3BFDF2C0A6F0100EC44EE /* TodayView.swift */,
			);
			path = TodayView;
			sourceTree = "<group>";
		};
		DCE3BFE12C0A6F1500EC44EE /* ProfileView */ = {
			isa = PBXGroup;
			children = (
				DCE3BFE22C0A6F1F00EC44EE /* ProfileView.swift */,
			);
			path = ProfileView;
			sourceTree = "<group>";
		};
/* End PBXGroup section */

/* Begin PBXNativeTarget section */
		DCB7D2912BF747820017CEBC /* DayStory */ = {
			isa = PBXNativeTarget;
			buildConfigurationList = DCB7D2B62BF747840017CEBC /* Build configuration list for PBXNativeTarget "DayStory" */;
			buildPhases = (
				DCB7D28E2BF747820017CEBC /* Sources */,
				DCB7D28F2BF747820017CEBC /* Frameworks */,
				DCB7D2902BF747820017CEBC /* Resources */,
			);
			buildRules = (
			);
			dependencies = (
			);
			name = DayStory;
			productName = DayStory;
			productReference = DCB7D2922BF747820017CEBC /* DayStory.app */;
			productType = "com.apple.product-type.application";
		};
		DCB7D2A12BF747830017CEBC /* DayStoryTests */ = {
			isa = PBXNativeTarget;
			buildConfigurationList = DCB7D2B92BF747840017CEBC /* Build configuration list for PBXNativeTarget "DayStoryTests" */;
			buildPhases = (
				DCB7D29E2BF747830017CEBC /* Sources */,
				DCB7D29F2BF747830017CEBC /* Frameworks */,
				DCB7D2A02BF747830017CEBC /* Resources */,
			);
			buildRules = (
			);
			dependencies = (
				DCB7D2A42BF747830017CEBC /* PBXTargetDependency */,
			);
			name = DayStoryTests;
			productName = DayStoryTests;
			productReference = DCB7D2A22BF747830017CEBC /* DayStoryTests.xctest */;
			productType = "com.apple.product-type.bundle.unit-test";
		};
		DCB7D2AB2BF747830017CEBC /* DayStoryUITests */ = {
			isa = PBXNativeTarget;
			buildConfigurationList = DCB7D2BC2BF747840017CEBC /* Build configuration list for PBXNativeTarget "DayStoryUITests" */;
			buildPhases = (
				DCB7D2A82BF747830017CEBC /* Sources */,
				DCB7D2A92BF747830017CEBC /* Frameworks */,
				DCB7D2AA2BF747830017CEBC /* Resources */,
			);
			buildRules = (
			);
			dependencies = (
				DCB7D2AE2BF747830017CEBC /* PBXTargetDependency */,
			);
			name = DayStoryUITests;
			productName = DayStoryUITests;
			productReference = DCB7D2AC2BF747830017CEBC /* DayStoryUITests.xctest */;
			productType = "com.apple.product-type.bundle.ui-testing";
		};
/* End PBXNativeTarget section */

/* Begin PBXProject section */
		DCB7D28A2BF747820017CEBC /* Project object */ = {
			isa = PBXProject;
			attributes = {
				BuildIndependentTargetsInParallel = 1;
				LastSwiftUpdateCheck = 1510;
				LastUpgradeCheck = 1510;
				TargetAttributes = {
					DCB7D2912BF747820017CEBC = {
						CreatedOnToolsVersion = 15.1;
					};
					DCB7D2A12BF747830017CEBC = {
						CreatedOnToolsVersion = 15.1;
						TestTargetID = DCB7D2912BF747820017CEBC;
					};
					DCB7D2AB2BF747830017CEBC = {
						CreatedOnToolsVersion = 15.1;
						TestTargetID = DCB7D2912BF747820017CEBC;
					};
				};
			};
			buildConfigurationList = DCB7D28D2BF747820017CEBC /* Build configuration list for PBXProject "DayStory" */;
			compatibilityVersion = "Xcode 14.0";
			developmentRegion = en;
			hasScannedForEncodings = 0;
			knownRegions = (
				en,
				Base,
			);
			mainGroup = DCB7D2892BF747820017CEBC;
			productRefGroup = DCB7D2932BF747820017CEBC /* Products */;
			projectDirPath = "";
			projectRoot = "";
			targets = (
				DCB7D2912BF747820017CEBC /* DayStory */,
				DCB7D2A12BF747830017CEBC /* DayStoryTests */,
				DCB7D2AB2BF747830017CEBC /* DayStoryUITests */,
			);
		};
/* End PBXProject section */

/* Begin PBXResourcesBuildPhase section */
		DCB7D2902BF747820017CEBC /* Resources */ = {
			isa = PBXResourcesBuildPhase;
			buildActionMask = 2147483647;
			files = (
				DC7F3AAD2BFFE7140020291C /* Colors.xcassets in Resources */,
				DCB7D29D2BF747830017CEBC /* Preview Assets.xcassets in Resources */,
				DCB7D29A2BF747830017CEBC /* Assets.xcassets in Resources */,
			);
			runOnlyForDeploymentPostprocessing = 0;
		};
		DCB7D2A02BF747830017CEBC /* Resources */ = {
			isa = PBXResourcesBuildPhase;
			buildActionMask = 2147483647;
			files = (
				197F9F5B2C06276800D5D799 /* Assets.xcassets in Resources */,
			);
			runOnlyForDeploymentPostprocessing = 0;
		};
		DCB7D2AA2BF747830017CEBC /* Resources */ = {
			isa = PBXResourcesBuildPhase;
			buildActionMask = 2147483647;
			files = (
				197F9F5C2C06276800D5D799 /* Assets.xcassets in Resources */,
			);
			runOnlyForDeploymentPostprocessing = 0;
		};
/* End PBXResourcesBuildPhase section */

/* Begin PBXSourcesBuildPhase section */
		DCB7D28E2BF747820017CEBC /* Sources */ = {
			isa = PBXSourcesBuildPhase;
			buildActionMask = 2147483647;
			files = (
				DC99B1952C00DC7400CDD857 /* AuthenticationHelperText.swift in Sources */,
				DCB4A4832BFB347C00EEE970 /* GetMoviesResponse.swift in Sources */,
				DCE3BFE52C0A813300EC44EE /* GalleryCardView.swift in Sources */,
				DCB7D2D92BF7792F0017CEBC /* Networkable+Extensions.swift in Sources */,
				DCB7D2C72BF754A60017CEBC /* Response.swift in Sources */,
				DCB7D2CA2BF755520017CEBC /* Bundle+Extensions.swift in Sources */,
				DCB7D2982BF747820017CEBC /* SignupAccountView.swift in Sources */,
				DCA93AB12C08D83700B63429 /* SignupAccountViewModel.swift in Sources */,
				DCB7D2C52BF74F620017CEBC /* RequestMethod.swift in Sources */,
				DCE3BFD52C0A5DAD00EC44EE /* LoginViewModel.swift in Sources */,
				DC7F3AB12BFFF32C0020291C /* SignupSectionView.swift in Sources */,
				DCB7D2962BF747820017CEBC /* DayStoryApp.swift in Sources */,
				DCB7D2CE2BF757220017CEBC /* URL+Extension.swift in Sources */,
				DCFD54F12BFFBB620096D24A /* LoginView.swift in Sources */,
				DCA93AAF2C08A74C00B63429 /* SignupPersonalViewModel.swift in Sources */,
				DCB7D2D02BF75ABF0017CEBC /* API.swift in Sources */,
				DC7F3AA62BFFC61A0020291C /* GradientButton.swift in Sources */,
				DCA93AB42C08DFE000B63429 /* String+Extensions.swift in Sources */,
				DC5524E22C072A6000118CC3 /* SignupPersonalView.swift in Sources */,
				DCB7D2CC2BF756880017CEBC /* NSError.swift in Sources */,
				DCE3BFE02C0A6F0100EC44EE /* TodayView.swift in Sources */,
				DCB7D2D42BF75DD00017CEBC /* Networkable.swift in Sources */,
				DCB7D2D72BF7770D0017CEBC /* Movie.swift in Sources */,
				DCE3BFE32C0A6F1F00EC44EE /* ProfileView.swift in Sources */,
				DC5524E02C072A5000118CC3 /* WelcomeView.swift in Sources */,
				DCB7D2D22BF75C2A0017CEBC /* ContentType.swift in Sources */,
				DC7F3AAB2BFFDD760020291C /* DayStoryTextField.swift in Sources */,
				DC99B1932C00CFC300CDD857 /* DayStoryToolbar.swift in Sources */,
				DCE3BFDD2C0A6EC800EC44EE /* DayStoryTabView.swift in Sources */,
				DCE3BFDB2C0A6E7D00EC44EE /* GalleryView.swift in Sources */,
				DC99B1972C00DDBA00CDD857 /* LoginPrompt.swift in Sources */,
			);
			runOnlyForDeploymentPostprocessing = 0;
		};
		DCB7D29E2BF747830017CEBC /* Sources */ = {
			isa = PBXSourcesBuildPhase;
			buildActionMask = 2147483647;
			files = (
				197F9F592C0626D300D5D799 /* Color+DayStory.swift in Sources */,
				DCB7D2A72BF747830017CEBC /* DayStoryTests.swift in Sources */,
				192F48BA2C061BE60007BB7A /* SignUp.swift in Sources */,
				192F48B62C061B8B0007BB7A /* WelcomeView.swift in Sources */,
			);
			runOnlyForDeploymentPostprocessing = 0;
		};
		DCB7D2A82BF747830017CEBC /* Sources */ = {
			isa = PBXSourcesBuildPhase;
			buildActionMask = 2147483647;
			files = (
				DCB7D2B32BF747840017CEBC /* DayStoryUITestsLaunchTests.swift in Sources */,
				192F48BB2C061BE60007BB7A /* SignUp.swift in Sources */,
				197F9F5A2C0626D300D5D799 /* Color+DayStory.swift in Sources */,
				192F48B72C061B8B0007BB7A /* WelcomeView.swift in Sources */,
				DCB7D2B12BF747840017CEBC /* DayStoryUITests.swift in Sources */,
			);
			runOnlyForDeploymentPostprocessing = 0;
		};
/* End PBXSourcesBuildPhase section */

/* Begin PBXTargetDependency section */
		DCB7D2A42BF747830017CEBC /* PBXTargetDependency */ = {
			isa = PBXTargetDependency;
			target = DCB7D2912BF747820017CEBC /* DayStory */;
			targetProxy = DCB7D2A32BF747830017CEBC /* PBXContainerItemProxy */;
		};
		DCB7D2AE2BF747830017CEBC /* PBXTargetDependency */ = {
			isa = PBXTargetDependency;
			target = DCB7D2912BF747820017CEBC /* DayStory */;
			targetProxy = DCB7D2AD2BF747830017CEBC /* PBXContainerItemProxy */;
		};
/* End PBXTargetDependency section */

/* Begin XCBuildConfiguration section */
		DCB7D2B42BF747840017CEBC /* Debug */ = {
			isa = XCBuildConfiguration;
			baseConfigurationReference = DCB7D2C02BF74BBB0017CEBC /* Development.xcconfig */;
			buildSettings = {
				ALWAYS_SEARCH_USER_PATHS = NO;
				ASSETCATALOG_COMPILER_GENERATE_SWIFT_ASSET_SYMBOL_EXTENSIONS = YES;
				CLANG_ANALYZER_NONNULL = YES;
				CLANG_ANALYZER_NUMBER_OBJECT_CONVERSION = YES_AGGRESSIVE;
				CLANG_CXX_LANGUAGE_STANDARD = "gnu++20";
				CLANG_ENABLE_MODULES = YES;
				CLANG_ENABLE_OBJC_ARC = YES;
				CLANG_ENABLE_OBJC_WEAK = YES;
				CLANG_WARN_BLOCK_CAPTURE_AUTORELEASING = YES;
				CLANG_WARN_BOOL_CONVERSION = YES;
				CLANG_WARN_COMMA = YES;
				CLANG_WARN_CONSTANT_CONVERSION = YES;
				CLANG_WARN_DEPRECATED_OBJC_IMPLEMENTATIONS = YES;
				CLANG_WARN_DIRECT_OBJC_ISA_USAGE = YES_ERROR;
				CLANG_WARN_DOCUMENTATION_COMMENTS = YES;
				CLANG_WARN_EMPTY_BODY = YES;
				CLANG_WARN_ENUM_CONVERSION = YES;
				CLANG_WARN_INFINITE_RECURSION = YES;
				CLANG_WARN_INT_CONVERSION = YES;
				CLANG_WARN_NON_LITERAL_NULL_CONVERSION = YES;
				CLANG_WARN_OBJC_IMPLICIT_RETAIN_SELF = YES;
				CLANG_WARN_OBJC_LITERAL_CONVERSION = YES;
				CLANG_WARN_OBJC_ROOT_CLASS = YES_ERROR;
				CLANG_WARN_QUOTED_INCLUDE_IN_FRAMEWORK_HEADER = YES;
				CLANG_WARN_RANGE_LOOP_ANALYSIS = YES;
				CLANG_WARN_STRICT_PROTOTYPES = YES;
				CLANG_WARN_SUSPICIOUS_MOVE = YES;
				CLANG_WARN_UNGUARDED_AVAILABILITY = YES_AGGRESSIVE;
				CLANG_WARN_UNREACHABLE_CODE = YES;
				CLANG_WARN__DUPLICATE_METHOD_MATCH = YES;
				COPY_PHASE_STRIP = NO;
				DEBUG_INFORMATION_FORMAT = dwarf;
				ENABLE_STRICT_OBJC_MSGSEND = YES;
				ENABLE_TESTABILITY = YES;
				ENABLE_USER_SCRIPT_SANDBOXING = YES;
				GCC_C_LANGUAGE_STANDARD = gnu17;
				GCC_DYNAMIC_NO_PIC = NO;
				GCC_NO_COMMON_BLOCKS = YES;
				GCC_OPTIMIZATION_LEVEL = 0;
				GCC_PREPROCESSOR_DEFINITIONS = (
					"DEBUG=1",
					"$(inherited)",
				);
				GCC_WARN_64_TO_32_BIT_CONVERSION = YES;
				GCC_WARN_ABOUT_RETURN_TYPE = YES_ERROR;
				GCC_WARN_UNDECLARED_SELECTOR = YES;
				GCC_WARN_UNINITIALIZED_AUTOS = YES_AGGRESSIVE;
				GCC_WARN_UNUSED_FUNCTION = YES;
				GCC_WARN_UNUSED_VARIABLE = YES;
				IPHONEOS_DEPLOYMENT_TARGET = 17.2;
				LOCALIZATION_PREFERS_STRING_CATALOGS = YES;
				MTL_ENABLE_DEBUG_INFO = INCLUDE_SOURCE;
				MTL_FAST_MATH = YES;
				ONLY_ACTIVE_ARCH = YES;
				SDKROOT = iphoneos;
				SWIFT_ACTIVE_COMPILATION_CONDITIONS = "DEBUG $(inherited)";
				SWIFT_OPTIMIZATION_LEVEL = "-Onone";
			};
			name = Debug;
		};
		DCB7D2B52BF747840017CEBC /* Release */ = {
			isa = XCBuildConfiguration;
			baseConfigurationReference = DCB7D2BF2BF74BB10017CEBC /* Production.xcconfig */;
			buildSettings = {
				ALWAYS_SEARCH_USER_PATHS = NO;
				ASSETCATALOG_COMPILER_GENERATE_SWIFT_ASSET_SYMBOL_EXTENSIONS = YES;
				CLANG_ANALYZER_NONNULL = YES;
				CLANG_ANALYZER_NUMBER_OBJECT_CONVERSION = YES_AGGRESSIVE;
				CLANG_CXX_LANGUAGE_STANDARD = "gnu++20";
				CLANG_ENABLE_MODULES = YES;
				CLANG_ENABLE_OBJC_ARC = YES;
				CLANG_ENABLE_OBJC_WEAK = YES;
				CLANG_WARN_BLOCK_CAPTURE_AUTORELEASING = YES;
				CLANG_WARN_BOOL_CONVERSION = YES;
				CLANG_WARN_COMMA = YES;
				CLANG_WARN_CONSTANT_CONVERSION = YES;
				CLANG_WARN_DEPRECATED_OBJC_IMPLEMENTATIONS = YES;
				CLANG_WARN_DIRECT_OBJC_ISA_USAGE = YES_ERROR;
				CLANG_WARN_DOCUMENTATION_COMMENTS = YES;
				CLANG_WARN_EMPTY_BODY = YES;
				CLANG_WARN_ENUM_CONVERSION = YES;
				CLANG_WARN_INFINITE_RECURSION = YES;
				CLANG_WARN_INT_CONVERSION = YES;
				CLANG_WARN_NON_LITERAL_NULL_CONVERSION = YES;
				CLANG_WARN_OBJC_IMPLICIT_RETAIN_SELF = YES;
				CLANG_WARN_OBJC_LITERAL_CONVERSION = YES;
				CLANG_WARN_OBJC_ROOT_CLASS = YES_ERROR;
				CLANG_WARN_QUOTED_INCLUDE_IN_FRAMEWORK_HEADER = YES;
				CLANG_WARN_RANGE_LOOP_ANALYSIS = YES;
				CLANG_WARN_STRICT_PROTOTYPES = YES;
				CLANG_WARN_SUSPICIOUS_MOVE = YES;
				CLANG_WARN_UNGUARDED_AVAILABILITY = YES_AGGRESSIVE;
				CLANG_WARN_UNREACHABLE_CODE = YES;
				CLANG_WARN__DUPLICATE_METHOD_MATCH = YES;
				COPY_PHASE_STRIP = NO;
				DEBUG_INFORMATION_FORMAT = "dwarf-with-dsym";
				ENABLE_NS_ASSERTIONS = NO;
				ENABLE_STRICT_OBJC_MSGSEND = YES;
				ENABLE_USER_SCRIPT_SANDBOXING = YES;
				GCC_C_LANGUAGE_STANDARD = gnu17;
				GCC_NO_COMMON_BLOCKS = YES;
				GCC_WARN_64_TO_32_BIT_CONVERSION = YES;
				GCC_WARN_ABOUT_RETURN_TYPE = YES_ERROR;
				GCC_WARN_UNDECLARED_SELECTOR = YES;
				GCC_WARN_UNINITIALIZED_AUTOS = YES_AGGRESSIVE;
				GCC_WARN_UNUSED_FUNCTION = YES;
				GCC_WARN_UNUSED_VARIABLE = YES;
				IPHONEOS_DEPLOYMENT_TARGET = 17.2;
				LOCALIZATION_PREFERS_STRING_CATALOGS = YES;
				MTL_ENABLE_DEBUG_INFO = NO;
				MTL_FAST_MATH = YES;
				SDKROOT = iphoneos;
				SWIFT_COMPILATION_MODE = wholemodule;
				VALIDATE_PRODUCT = YES;
			};
			name = Release;
		};
		DCB7D2B72BF747840017CEBC /* Debug */ = {
			isa = XCBuildConfiguration;
			buildSettings = {
				ASSETCATALOG_COMPILER_APPICON_NAME = AppIcon;
				ASSETCATALOG_COMPILER_GLOBAL_ACCENT_COLOR_NAME = AccentColor;
				CODE_SIGN_STYLE = Automatic;
				CURRENT_PROJECT_VERSION = 1;
				DEVELOPMENT_ASSET_PATHS = "\"DayStory/Preview Content\"";
				DEVELOPMENT_TEAM = M9BG9J9LFY;
				ENABLE_PREVIEWS = YES;
				GENERATE_INFOPLIST_FILE = YES;
				INFOPLIST_FILE = DayStory/Info.plist;
				INFOPLIST_KEY_UIApplicationSceneManifest_Generation = YES;
				INFOPLIST_KEY_UIApplicationSupportsIndirectInputEvents = YES;
				INFOPLIST_KEY_UILaunchScreen_Generation = YES;
				INFOPLIST_KEY_UISupportedInterfaceOrientations_iPad = "UIInterfaceOrientationPortrait UIInterfaceOrientationPortraitUpsideDown UIInterfaceOrientationLandscapeLeft UIInterfaceOrientationLandscapeRight";
				INFOPLIST_KEY_UISupportedInterfaceOrientations_iPhone = "UIInterfaceOrientationPortrait UIInterfaceOrientationLandscapeLeft UIInterfaceOrientationLandscapeRight";
				LD_RUNPATH_SEARCH_PATHS = (
					"$(inherited)",
					"@executable_path/Frameworks",
				);
				MARKETING_VERSION = 1.0;
				PRODUCT_BUNDLE_IDENTIFIER = com.Recep.DayStory;
				PRODUCT_NAME = "$(TARGET_NAME)";
				SWIFT_EMIT_LOC_STRINGS = YES;
				SWIFT_VERSION = 5.0;
				TARGETED_DEVICE_FAMILY = "1,2";
			};
			name = Debug;
		};
		DCB7D2B82BF747840017CEBC /* Release */ = {
			isa = XCBuildConfiguration;
			buildSettings = {
				ASSETCATALOG_COMPILER_APPICON_NAME = AppIcon;
				ASSETCATALOG_COMPILER_GLOBAL_ACCENT_COLOR_NAME = AccentColor;
				CODE_SIGN_STYLE = Automatic;
				CURRENT_PROJECT_VERSION = 1;
				DEVELOPMENT_ASSET_PATHS = "\"DayStory/Preview Content\"";
				DEVELOPMENT_TEAM = M9BG9J9LFY;
				ENABLE_PREVIEWS = YES;
				GENERATE_INFOPLIST_FILE = YES;
				INFOPLIST_FILE = DayStory/Info.plist;
				INFOPLIST_KEY_UIApplicationSceneManifest_Generation = YES;
				INFOPLIST_KEY_UIApplicationSupportsIndirectInputEvents = YES;
				INFOPLIST_KEY_UILaunchScreen_Generation = YES;
				INFOPLIST_KEY_UISupportedInterfaceOrientations_iPad = "UIInterfaceOrientationPortrait UIInterfaceOrientationPortraitUpsideDown UIInterfaceOrientationLandscapeLeft UIInterfaceOrientationLandscapeRight";
				INFOPLIST_KEY_UISupportedInterfaceOrientations_iPhone = "UIInterfaceOrientationPortrait UIInterfaceOrientationLandscapeLeft UIInterfaceOrientationLandscapeRight";
				LD_RUNPATH_SEARCH_PATHS = (
					"$(inherited)",
					"@executable_path/Frameworks",
				);
				MARKETING_VERSION = 1.0;
				PRODUCT_BUNDLE_IDENTIFIER = com.Recep.DayStory;
				PRODUCT_NAME = "$(TARGET_NAME)";
				SWIFT_EMIT_LOC_STRINGS = YES;
				SWIFT_VERSION = 5.0;
				TARGETED_DEVICE_FAMILY = "1,2";
			};
			name = Release;
		};
		DCB7D2BA2BF747840017CEBC /* Debug */ = {
			isa = XCBuildConfiguration;
			buildSettings = {
				ALWAYS_EMBED_SWIFT_STANDARD_LIBRARIES = YES;
				BUNDLE_LOADER = "$(TEST_HOST)";
				CODE_SIGN_STYLE = Automatic;
				CURRENT_PROJECT_VERSION = 1;
				DEVELOPMENT_TEAM = M9BG9J9LFY;
				GENERATE_INFOPLIST_FILE = YES;
				IPHONEOS_DEPLOYMENT_TARGET = 17.2;
				MARKETING_VERSION = 1.0;
				PRODUCT_BUNDLE_IDENTIFIER = com.Recep.DayStoryTests;
				PRODUCT_NAME = "$(TARGET_NAME)";
				SWIFT_EMIT_LOC_STRINGS = NO;
				SWIFT_VERSION = 5.0;
				TARGETED_DEVICE_FAMILY = "1,2";
				TEST_HOST = "$(BUILT_PRODUCTS_DIR)/DayStory.app/$(BUNDLE_EXECUTABLE_FOLDER_PATH)/DayStory";
			};
			name = Debug;
		};
		DCB7D2BB2BF747840017CEBC /* Release */ = {
			isa = XCBuildConfiguration;
			buildSettings = {
				ALWAYS_EMBED_SWIFT_STANDARD_LIBRARIES = YES;
				BUNDLE_LOADER = "$(TEST_HOST)";
				CODE_SIGN_STYLE = Automatic;
				CURRENT_PROJECT_VERSION = 1;
				DEVELOPMENT_TEAM = M9BG9J9LFY;
				GENERATE_INFOPLIST_FILE = YES;
				IPHONEOS_DEPLOYMENT_TARGET = 17.2;
				MARKETING_VERSION = 1.0;
				PRODUCT_BUNDLE_IDENTIFIER = com.Recep.DayStoryTests;
				PRODUCT_NAME = "$(TARGET_NAME)";
				SWIFT_EMIT_LOC_STRINGS = NO;
				SWIFT_VERSION = 5.0;
				TARGETED_DEVICE_FAMILY = "1,2";
				TEST_HOST = "$(BUILT_PRODUCTS_DIR)/DayStory.app/$(BUNDLE_EXECUTABLE_FOLDER_PATH)/DayStory";
			};
			name = Release;
		};
		DCB7D2BD2BF747840017CEBC /* Debug */ = {
			isa = XCBuildConfiguration;
			buildSettings = {
				ALWAYS_EMBED_SWIFT_STANDARD_LIBRARIES = YES;
				CODE_SIGN_STYLE = Automatic;
				CURRENT_PROJECT_VERSION = 1;
				DEVELOPMENT_TEAM = M9BG9J9LFY;
				GENERATE_INFOPLIST_FILE = YES;
				MARKETING_VERSION = 1.0;
				PRODUCT_BUNDLE_IDENTIFIER = com.Recep.DayStoryUITests;
				PRODUCT_NAME = "$(TARGET_NAME)";
				SWIFT_EMIT_LOC_STRINGS = NO;
				SWIFT_VERSION = 5.0;
				TARGETED_DEVICE_FAMILY = "1,2";
				TEST_TARGET_NAME = DayStory;
			};
			name = Debug;
		};
		DCB7D2BE2BF747840017CEBC /* Release */ = {
			isa = XCBuildConfiguration;
			buildSettings = {
				ALWAYS_EMBED_SWIFT_STANDARD_LIBRARIES = YES;
				CODE_SIGN_STYLE = Automatic;
				CURRENT_PROJECT_VERSION = 1;
				DEVELOPMENT_TEAM = M9BG9J9LFY;
				GENERATE_INFOPLIST_FILE = YES;
				MARKETING_VERSION = 1.0;
				PRODUCT_BUNDLE_IDENTIFIER = com.Recep.DayStoryUITests;
				PRODUCT_NAME = "$(TARGET_NAME)";
				SWIFT_EMIT_LOC_STRINGS = NO;
				SWIFT_VERSION = 5.0;
				TARGETED_DEVICE_FAMILY = "1,2";
				TEST_TARGET_NAME = DayStory;
			};
			name = Release;
		};
/* End XCBuildConfiguration section */

/* Begin XCConfigurationList section */
		DCB7D28D2BF747820017CEBC /* Build configuration list for PBXProject "DayStory" */ = {
			isa = XCConfigurationList;
			buildConfigurations = (
				DCB7D2B42BF747840017CEBC /* Debug */,
				DCB7D2B52BF747840017CEBC /* Release */,
			);
			defaultConfigurationIsVisible = 0;
			defaultConfigurationName = Release;
		};
		DCB7D2B62BF747840017CEBC /* Build configuration list for PBXNativeTarget "DayStory" */ = {
			isa = XCConfigurationList;
			buildConfigurations = (
				DCB7D2B72BF747840017CEBC /* Debug */,
				DCB7D2B82BF747840017CEBC /* Release */,
			);
			defaultConfigurationIsVisible = 0;
			defaultConfigurationName = Release;
		};
		DCB7D2B92BF747840017CEBC /* Build configuration list for PBXNativeTarget "DayStoryTests" */ = {
			isa = XCConfigurationList;
			buildConfigurations = (
				DCB7D2BA2BF747840017CEBC /* Debug */,
				DCB7D2BB2BF747840017CEBC /* Release */,
			);
			defaultConfigurationIsVisible = 0;
			defaultConfigurationName = Release;
		};
		DCB7D2BC2BF747840017CEBC /* Build configuration list for PBXNativeTarget "DayStoryUITests" */ = {
			isa = XCConfigurationList;
			buildConfigurations = (
				DCB7D2BD2BF747840017CEBC /* Debug */,
				DCB7D2BE2BF747840017CEBC /* Release */,
			);
			defaultConfigurationIsVisible = 0;
			defaultConfigurationName = Release;
		};
/* End XCConfigurationList section */
	};
	rootObject = DCB7D28A2BF747820017CEBC /* Project object */;
}
